Microsoft Visual Studio Solution File, Format Version 12.00
# Visual Studio Version 17
VisualStudioVersion = 17.5.2.0
MinimumVisualStudioVersion = 10.0.40219.1
Project("{FAE04EC0-301F-11D3-BF4B-00C04F79EFBC}") = "assignment01", "assignment01.csproj", "{D101E264-E624-2E85-2D97-9CBADDDC6EA8}"
EndProject
Global
	GlobalSection(SolutionConfigurationPlatforms) = preSolution
		Debug|Any CPU = Debug|Any CPU
		Release|Any CPU = Release|Any CPU
	EndGlobalSection
	GlobalSection(ProjectConfigurationPlatforms) = postSolution
		{D101E264-E624-2E85-2D97-9CBADDDC6EA8}.Debug|Any CPU.ActiveCfg = Debug|Any CPU
		{D101E264-E624-2E85-2D97-9CBADDDC6EA8}.Debug|Any CPU.Build.0 = Debug|Any CPU
		{D101E264-E624-2E85-2D97-9CBADDDC6EA8}.Release|Any CPU.ActiveCfg = Release|Any CPU
		{D101E264-E624-2E85-2D97-9CBADDDC6EA8}.Release|Any CPU.Build.0 = Release|Any CPU
	EndGlobalSection
	GlobalSection(SolutionProperties) = preSolution
		HideSolutionNode = FALSE
	EndGlobalSection
	GlobalSection(ExtensibilityGlobals) = postSolution
		SolutionGuid = {267F68B6-F7D4-4D3F-B284-7493E86FC3C8}
	EndGlobalSection
EndGlobal
